<?xml version="1.0"?>
<CONFIG>
  <ProjectOptions>
    <Version Value="9"/>
    <PathDelim Value="\"/>
    <General>
      <MainUnit Value="0"/>
      <ResourceType Value="res"/>
      <UseXPManifest Value="True"/>
      <XPManifest>
        <DpiAware Value="True"/>
      </XPManifest>
      <Icon Value="0"/>
      <ActiveWindowIndexAtStart Value="0"/>
    </General>
    <i18n>
      <EnableI18N Value="True"/>
      <OutDir Value="..\bin\lang"/>
    </i18n>
    <VersionInfo>
      <StringTable ProductVersion=""/>
    </VersionInfo>
    <BuildModes Count="1" Active="Default">
      <Item1 Name="Default" Default="True"/>
    </BuildModes>
    <PublishOptions>
      <Version Value="2"/>
      <IncludeFileFilter Value="*.(pas|pp|inc|lfm|lpr|lrs|lpi|lpk|sh|xml)"/>
      <ExcludeFileFilter Value="*.(bak|ppu|o|so);*~;backup"/>
    </PublishOptions>
    <RunParams>
      <local>
        <FormatVersion Value="1"/>
      </local>
    </RunParams>
    <RequiredPackages Count="1">
      <Item1>
        <PackageName Value="LCL"/>
      </Item1>
    </RequiredPackages>
    <Units Count="21">
      <Unit0>
        <Filename Value="project1.lpr"/>
        <IsPartOfProject Value="True"/>
        <UnitName Value="project1"/>
        <IsVisibleTab Value="True"/>
        <EditorIndex Value="3"/>
        <WindowIndex Value="0"/>
        <TopLine Value="1"/>
        <CursorPos X="17" Y="12"/>
        <UsageCount Value="240"/>
        <Loaded Value="True"/>
        <DefaultSyntaxHighlighter Value="Delphi"/>
      </Unit0>
      <Unit1>
        <Filename Value="mainformunit.pas"/>
        <IsPartOfProject Value="True"/>
        <ComponentName Value="MainForm"/>
        <HasResources Value="True"/>
        <ResourceBaseClass Value="Form"/>
        <UnitName Value="MainFormUnit"/>
        <EditorIndex Value="0"/>
        <WindowIndex Value="0"/>
        <TopLine Value="1"/>
        <CursorPos X="1" Y="1"/>
        <UsageCount Value="240"/>
        <Loaded Value="True"/>
        <LoadedDesigner Value="True"/>
        <DefaultSyntaxHighlighter Value="Delphi"/>
      </Unit1>
      <Unit2>
        <Filename Value="engine1unit.pas"/>
        <IsPartOfProject Value="True"/>
        <UnitName Value="Engine1Unit"/>
        <EditorIndex Value="1"/>
        <WindowIndex Value="0"/>
        <TopLine Value="9"/>
        <CursorPos X="24" Y="38"/>
        <UsageCount Value="240"/>
        <Loaded Value="True"/>
        <DefaultSyntaxHighlighter Value="Delphi"/>
      </Unit2>
      <Unit3>
        <Filename Value="engine11unit.pas"/>
        <IsPartOfProject Value="True"/>
        <UnitName Value="Engine11Unit"/>
        <EditorIndex Value="2"/>
        <WindowIndex Value="0"/>
        <TopLine Value="619"/>
        <CursorPos X="3" Y="574"/>
        <UsageCount Value="240"/>
        <Loaded Value="True"/>
        <DefaultSyntaxHighlighter Value="Delphi"/>
      </Unit3>
      <Unit4>
        <Filename Value="D:\work\FPC\2.4.4\source\rtl\objpas\classes\classesh.inc"/>
        <WindowIndex Value="0"/>
        <TopLine Value="1"/>
        <CursorPos X="1" Y="1"/>
        <UsageCount Value="115"/>
      </Unit4>
      <Unit5>
        <Filename Value="D:\work\FPC\2.4.4\source\rtl\objpas\classes\stringl.inc"/>
        <WindowIndex Value="0"/>
        <TopLine Value="754"/>
        <CursorPos X="28" Y="770"/>
        <UsageCount Value="115"/>
      </Unit5>
      <Unit6>
        <Filename Value="D:\work\FPC\2.4.4\source\rtl\objpas\classes\streams.inc"/>
        <WindowIndex Value="0"/>
        <TopLine Value="1"/>
        <CursorPos X="1" Y="1"/>
        <UsageCount Value="115"/>
      </Unit6>
      <Unit7>
        <Filename Value="D:\work\FPC\2.4.4\source\rtl\objpas\sysutils\filutilh.inc"/>
        <WindowIndex Value="0"/>
        <TopLine Value="1"/>
        <CursorPos X="35" Y="9"/>
        <UsageCount Value="115"/>
      </Unit7>
      <Unit8>
        <Filename Value="D:\work\FPC\2.4.4\source\rtl\objpas\sysutils\sysutilh.inc"/>
        <WindowIndex Value="0"/>
        <TopLine Value="246"/>
        <CursorPos X="7" Y="270"/>
        <UsageCount Value="115"/>
      </Unit8>
      <Unit9>
        <Filename Value="D:\work\FPC\2.4.4\source\rtl\fpmake.inc"/>
        <WindowIndex Value="0"/>
        <TopLine Value="104"/>
        <CursorPos X="24" Y="178"/>
        <UsageCount Value="115"/>
      </Unit9>
      <Unit10>
        <Filename Value="D:\work\FPC\2.4.4\source\rtl\win32\windows.pp"/>
        <UnitName Value="windows"/>
        <WindowIndex Value="0"/>
        <TopLine Value="21"/>
        <CursorPos X="16" Y="40"/>
        <UsageCount Value="115"/>
      </Unit10>
      <Unit11>
        <Filename Value="D:\work\FPC\2.4.4\source\rtl\inc\ustringh.inc"/>
        <WindowIndex Value="0"/>
        <TopLine Value="1"/>
        <CursorPos X="54" Y="98"/>
        <UsageCount Value="114"/>
      </Unit11>
      <Unit12>
        <Filename Value="D:\work\FPC\2.4.4\source\rtl\inc\systemh.inc"/>
        <WindowIndex Value="0"/>
        <TopLine Value="252"/>
        <CursorPos X="14" Y="297"/>
        <UsageCount Value="109"/>
      </Unit12>
      <Unit13>
        <Filename Value="D:\work\FPC\2.4.4\source\rtl\inc\wstringh.inc"/>
        <WindowIndex Value="0"/>
        <TopLine Value="1"/>
        <CursorPos X="14" Y="42"/>
        <UsageCount Value="124"/>
      </Unit13>
      <Unit14>
        <Filename Value="D:\work\FPC\2.4.4\source\rtl\inc\objpash.inc"/>
        <WindowIndex Value="0"/>
        <TopLine Value="54"/>
        <CursorPos X="8" Y="79"/>
        <UsageCount Value="101"/>
      </Unit14>
      <Unit15>
        <Filename Value="D:\work\FPC\2.4.4\source\rtl\inc\objpas.inc"/>
        <WindowIndex Value="0"/>
        <TopLine Value="381"/>
        <CursorPos X="11" Y="396"/>
        <UsageCount Value="101"/>
      </Unit15>
      <Unit16>
        <Filename Value="D:\work\FPC\2.4.4\source\rtl\win\sysutils.pp"/>
        <UnitName Value="sysutils"/>
        <WindowIndex Value="0"/>
        <TopLine Value="1251"/>
        <CursorPos X="19" Y="1217"/>
        <UsageCount Value="120"/>
      </Unit16>
      <Unit17>
        <Filename Value="D:\work\FPC\2.4.4\source\packages\fcl-base\src\contnrs.pp"/>
        <UnitName Value="contnrs"/>
        <WindowIndex Value="0"/>
        <TopLine Value="1926"/>
        <CursorPos X="19" Y="1951"/>
        <UsageCount Value="120"/>
      </Unit17>
      <Unit18>
        <Filename Value="D:\work\FPC\2.4.4\source\rtl\objpas\sysutils\sysstrh.inc"/>
        <WindowIndex Value="0"/>
        <TopLine Value="57"/>
        <CursorPos X="34" Y="82"/>
        <UsageCount Value="120"/>
      </Unit18>
      <Unit19>
        <Filename Value="D:\work\FPC\2.4.4\source\rtl\objpas\sysutils\sysstr.inc"/>
        <WindowIndex Value="0"/>
        <TopLine Value="125"/>
        <CursorPos X="3" Y="144"/>
        <UsageCount Value="119"/>
      </Unit19>
      <Unit20>
        <Filename Value="D:\work\FPC\2.4.4\source\rtl\inc\wstrings.inc"/>
        <WindowIndex Value="0"/>
        <TopLine Value="1400"/>
        <CursorPos X="27" Y="1428"/>
        <UsageCount Value="93"/>
      </Unit20>
    </Units>
    <JumpHistory Count="28" HistoryIndex="27">
      <Position1>
        <Filename Value="engine11unit.pas"/>
        <Caret Line="34" Column="34" TopLine="11"/>
      </Position1>
      <Position2>
        <Filename Value="engine11unit.pas"/>
        <Caret Line="282" Column="20" TopLine="242"/>
      </Position2>
      <Position3>
        <Filename Value="engine11unit.pas"/>
        <Caret Line="118" Column="35" TopLine="89"/>
      </Position3>
      <Position4>
        <Filename Value="engine11unit.pas"/>
        <Caret Line="119" Column="14" TopLine="89"/>
      </Position4>
      <Position5>
        <Filename Value="engine11unit.pas"/>
        <Caret Line="699" Column="1" TopLine="664"/>
      </Position5>
      <Position6>
        <Filename Value="engine11unit.pas"/>
        <Caret Line="614" Column="26" TopLine="585"/>
      </Position6>
      <Position7>
        <Filename Value="engine11unit.pas"/>
        <Caret Line="34" Column="14" TopLine="5"/>
      </Position7>
      <Position8>
        <Filename Value="engine1unit.pas"/>
        <Caret Line="148" Column="1" TopLine="95"/>
      </Position8>
      <Position9>
        <Filename Value="engine1unit.pas"/>
        <Caret Line="39" Column="16" TopLine="10"/>
      </Position9>
      <Position10>
        <Filename Value="engine11unit.pas"/>
        <Caret Line="614" Column="26" TopLine="585"/>
      </Position10>
      <Position11>
        <Filename Value="engine1unit.pas"/>
        <Caret Line="175" Column="70" TopLine="146"/>
      </Position11>
      <Position12>
        <Filename Value="engine11unit.pas"/>
        <Caret Line="607" Column="26" TopLine="585"/>
      </Position12>
      <Position13>
        <Filename Value="engine11unit.pas"/>
        <Caret Line="936" Column="3" TopLine="892"/>
      </Position13>
      <Position14>
        <Filename Value="engine1unit.pas"/>
        <Caret Line="201" Column="1" TopLine="175"/>
      </Position14>
      <Position15>
        <Filename Value="engine11unit.pas"/>
        <Caret Line="614" Column="26" TopLine="585"/>
      </Position15>
      <Position16>
        <Filename Value="engine11unit.pas"/>
        <Caret Line="266" Column="13" TopLine="235"/>
      </Position16>
      <Position17>
        <Filename Value="engine11unit.pas"/>
        <Caret Line="551" Column="19" TopLine="520"/>
      </Position17>
      <Position18>
        <Filename Value="engine11unit.pas"/>
        <Caret Line="266" Column="19" TopLine="237"/>
      </Position18>
      <Position19>
        <Filename Value="engine11unit.pas"/>
        <Caret Line="616" Column="26" TopLine="587"/>
      </Position19>
      <Position20>
        <Filename Value="engine11unit.pas"/>
        <Caret Line="617" Column="7" TopLine="587"/>
      </Position20>
      <Position21>
        <Filename Value="engine11unit.pas"/>
        <Caret Line="668" Column="13" TopLine="639"/>
      </Position21>
      <Position22>
        <Filename Value="engine11unit.pas"/>
        <Caret Line="771" Column="45" TopLine="720"/>
      </Position22>
      <Position23>
        <Filename Value="engine11unit.pas"/>
        <Caret Line="673" Column="36" TopLine="644"/>
      </Position23>
      <Position24>
        <Filename Value="engine11unit.pas"/>
        <Caret Line="24" Column="14" TopLine="1"/>
      </Position24>
      <Position25>
        <Filename Value="engine11unit.pas"/>
        <Caret Line="771" Column="32" TopLine="742"/>
      </Position25>
      <Position26>
        <Filename Value="engine11unit.pas"/>
        <Caret Line="118" Column="14" TopLine="89"/>
      </Position26>
      <Position27>
        <Filename Value="engine11unit.pas"/>
        <Caret Line="821" Column="55" TopLine="796"/>
      </Position27>
      <Position28>
        <Filename Value="mainformunit.pas"/>
        <Caret Line="87" Column="12" TopLine="85"/>
      </Position28>
    </JumpHistory>
  </ProjectOptions>
  <CompilerOptions>
    <Version Value="11"/>
    <PathDelim Value="\"/>
    <Target>
      <Filename Value="..\bin\project1"/>
    </Target>
    <SearchPaths>
      <IncludeFiles Value="$(ProjOutDir)"/>
      <UnitOutputDirectory Value="..\dcu\$(TargetCPU)-$(TargetOS)"/>
    </SearchPaths>
    <Parsing>
      <SyntaxOptions>
        <SyntaxMode Value="Delphi"/>
      </SyntaxOptions>
    </Parsing>
    <CodeGeneration>
      <Optimizations>
        <OptimizationLevel Value="0"/>
      </Optimizations>
    </CodeGeneration>
    <Linking>
      <Debugging>
        <DebugInfoType Value="dsStabs"/>
      </Debugging>
      <LinkSmart Value="True"/>
      <Options>
        <Win32>
          <GraphicApplication Value="True"/>
        </Win32>
      </Options>
    </Linking>
    <Other>
      <CompilerMessages>
        <UseMsgFile Value="True"/>
      </CompilerMessages>
      <CompilerPath Value="$(CompPath)"/>
    </Other>
  </CompilerOptions>
  <Debugging>
    <BreakPoints Count="5">
      <Item1>
        <Kind Value="bpkSource"/>
        <WatchScope Value="wpsGlobal"/>
        <WatchKind Value="wpkWrite"/>
        <Source Value="engine11unit.pas"/>
        <InitialEnabled Value="False"/>
        <Line Value="309"/>
      </Item1>
      <Item2>
        <Kind Value="bpkSource"/>
        <WatchScope Value="wpsGlobal"/>
        <WatchKind Value="wpkWrite"/>
        <Source Value="engine11unit.pas"/>
        <InitialEnabled Value="False"/>
        <Line Value="289"/>
      </Item2>
      <Item3>
        <Kind Value="bpkSource"/>
        <WatchScope Value="wpsGlobal"/>
        <WatchKind Value="wpkWrite"/>
        <Source Value="engine11unit.pas"/>
        <InitialEnabled Value="False"/>
        <Line Value="395"/>
      </Item3>
      <Item4>
        <Kind Value="bpkSource"/>
        <WatchScope Value="wpsGlobal"/>
        <WatchKind Value="wpkWrite"/>
        <Source Value="engine11unit.pas"/>
        <InitialEnabled Value="False"/>
        <Line Value="432"/>
      </Item4>
      <Item5>
        <Kind Value="bpkSource"/>
        <WatchScope Value="wpsGlobal"/>
        <WatchKind Value="wpkWrite"/>
        <Source Value="engine11unit.pas"/>
        <InitialEnabled Value="False"/>
        <Line Value="335"/>
      </Item5>
    </BreakPoints>
    <Watches Count="5">
      <Item1>
        <Expression Value="s"/>
      </Item1>
      <Item2>
        <Expression Value="FPosition"/>
      </Item2>
      <Item3>
        <Expression Value="RestSize"/>
      </Item3>
      <Item4>
        <Expression Value="AWord"/>
      </Item4>
      <Item5>
        <Expression Value="TWord(AItem).FContentCashe"/>
      </Item5>
    </Watches>
    <Exceptions Count="3">
      <Item1>
        <Name Value="EAbort"/>
      </Item1>
      <Item2>
        <Name Value="ECodetoolError"/>
      </Item2>
      <Item3>
        <Name Value="EFOpenError"/>
      </Item3>
    </Exceptions>
  </Debugging>
</CONFIG>
