<?xml version="1.0"?>
<CONFIG>
  <ProjectOptions>
    <Version Value="9"/>
    <PathDelim Value="\"/>
    <General>
      <MainUnit Value="0"/>
      <Title Value="Text Brain"/>
      <ResourceType Value="res"/>
      <UseXPManifest Value="True"/>
      <XPManifest>
        <DpiAware Value="True"/>
      </XPManifest>
      <Icon Value="0"/>
      <ActiveWindowIndexAtStart Value="0"/>
    </General>
    <LazDoc Paths="docs"/>
    <i18n>
      <EnableI18N Value="True"/>
      <OutDir Value="..\bin\locale"/>
    </i18n>
    <VersionInfo>
      <StringTable ProductVersion=""/>
    </VersionInfo>
    <BuildModes Count="1" Active="Default">
      <Item1 Name="Default" Default="True"/>
    </BuildModes>
    <PublishOptions>
      <Version Value="2"/>
      <IncludeFileFilter Value="*.(pas|pp|inc|lfm|lpr|lrs|lpi|lpk|sh|xml)"/>
      <ExcludeFileFilter Value="*.(bak|ppu|o|so);*~;backup"/>
    </PublishOptions>
    <RunParams>
      <local>
        <FormatVersion Value="1"/>
      </local>
    </RunParams>
    <RequiredPackages Count="1">
      <Item1>
        <PackageName Value="LCL"/>
      </Item1>
    </RequiredPackages>
    <Units Count="39">
      <Unit0>
        <Filename Value="project1.lpr"/>
        <IsPartOfProject Value="True"/>
        <UnitName Value="project1"/>
        <EditorIndex Value="18"/>
        <WindowIndex Value="0"/>
        <TopLine Value="1"/>
        <CursorPos X="1" Y="17"/>
        <UsageCount Value="240"/>
        <Loaded Value="True"/>
        <DefaultSyntaxHighlighter Value="Delphi"/>
      </Unit0>
      <Unit1>
        <Filename Value="mainformunit.pas"/>
        <IsPartOfProject Value="True"/>
        <ComponentName Value="MainForm"/>
        <HasResources Value="True"/>
        <ResourceBaseClass Value="Form"/>
        <UnitName Value="MainFormUnit"/>
        <IsVisibleTab Value="True"/>
        <EditorIndex Value="0"/>
        <WindowIndex Value="0"/>
        <TopLine Value="189"/>
        <CursorPos X="25" Y="204"/>
        <ComponentState Value="1"/>
        <UsageCount Value="240"/>
        <Loaded Value="True"/>
        <LoadedDesigner Value="True"/>
        <DefaultSyntaxHighlighter Value="Delphi"/>
      </Unit1>
      <Unit2>
        <Filename Value="engine1unit.pas"/>
        <IsPartOfProject Value="True"/>
        <UnitName Value="Engine1Unit"/>
        <EditorIndex Value="15"/>
        <WindowIndex Value="0"/>
        <TopLine Value="203"/>
        <CursorPos X="1" Y="227"/>
        <UsageCount Value="240"/>
        <Loaded Value="True"/>
        <DefaultSyntaxHighlighter Value="Delphi"/>
      </Unit2>
      <Unit3>
        <Filename Value="engine11unit.pas"/>
        <IsPartOfProject Value="True"/>
        <UnitName Value="Engine11Unit"/>
        <EditorIndex Value="17"/>
        <WindowIndex Value="0"/>
        <TopLine Value="729"/>
        <CursorPos X="1" Y="746"/>
        <UsageCount Value="240"/>
        <Loaded Value="True"/>
        <DefaultSyntaxHighlighter Value="Delphi"/>
      </Unit3>
      <Unit4>
        <Filename Value="D:\work\FPC\2.4.4\source\rtl\objpas\classes\classesh.inc"/>
        <WindowIndex Value="0"/>
        <TopLine Value="1"/>
        <CursorPos X="1" Y="1"/>
        <UsageCount Value="86"/>
      </Unit4>
      <Unit5>
        <Filename Value="D:\work\FPC\2.4.4\source\rtl\objpas\classes\stringl.inc"/>
        <WindowIndex Value="0"/>
        <TopLine Value="754"/>
        <CursorPos X="28" Y="770"/>
        <UsageCount Value="86"/>
      </Unit5>
      <Unit6>
        <Filename Value="D:\work\FPC\2.4.4\source\rtl\objpas\classes\streams.inc"/>
        <WindowIndex Value="0"/>
        <TopLine Value="1"/>
        <CursorPos X="1" Y="1"/>
        <UsageCount Value="86"/>
      </Unit6>
      <Unit7>
        <Filename Value="D:\work\FPC\2.4.4\source\rtl\objpas\sysutils\filutilh.inc"/>
        <WindowIndex Value="0"/>
        <TopLine Value="1"/>
        <CursorPos X="35" Y="9"/>
        <UsageCount Value="86"/>
      </Unit7>
      <Unit8>
        <Filename Value="D:\work\FPC\2.4.4\source\rtl\objpas\sysutils\sysutilh.inc"/>
        <WindowIndex Value="0"/>
        <TopLine Value="246"/>
        <CursorPos X="7" Y="270"/>
        <UsageCount Value="86"/>
      </Unit8>
      <Unit9>
        <Filename Value="D:\work\FPC\2.4.4\source\rtl\fpmake.inc"/>
        <WindowIndex Value="0"/>
        <TopLine Value="104"/>
        <CursorPos X="24" Y="178"/>
        <UsageCount Value="86"/>
      </Unit9>
      <Unit10>
        <Filename Value="D:\work\FPC\2.4.4\source\rtl\win32\windows.pp"/>
        <UnitName Value="windows"/>
        <WindowIndex Value="0"/>
        <TopLine Value="21"/>
        <CursorPos X="16" Y="40"/>
        <UsageCount Value="86"/>
      </Unit10>
      <Unit11>
        <Filename Value="D:\work\FPC\2.4.4\source\rtl\inc\ustringh.inc"/>
        <WindowIndex Value="0"/>
        <TopLine Value="1"/>
        <CursorPos X="54" Y="98"/>
        <UsageCount Value="85"/>
      </Unit11>
      <Unit12>
        <Filename Value="D:\work\FPC\2.4.4\source\rtl\inc\systemh.inc"/>
        <WindowIndex Value="0"/>
        <TopLine Value="252"/>
        <CursorPos X="14" Y="297"/>
        <UsageCount Value="80"/>
      </Unit12>
      <Unit13>
        <Filename Value="D:\work\FPC\2.4.4\source\rtl\inc\wstringh.inc"/>
        <WindowIndex Value="0"/>
        <TopLine Value="1"/>
        <CursorPos X="14" Y="42"/>
        <UsageCount Value="95"/>
      </Unit13>
      <Unit14>
        <Filename Value="D:\work\FPC\2.4.4\source\rtl\inc\objpash.inc"/>
        <WindowIndex Value="0"/>
        <TopLine Value="54"/>
        <CursorPos X="8" Y="79"/>
        <UsageCount Value="72"/>
      </Unit14>
      <Unit15>
        <Filename Value="D:\work\FPC\2.4.4\source\rtl\inc\objpas.inc"/>
        <WindowIndex Value="0"/>
        <TopLine Value="381"/>
        <CursorPos X="11" Y="396"/>
        <UsageCount Value="72"/>
      </Unit15>
      <Unit16>
        <Filename Value="D:\work\FPC\2.4.4\source\rtl\win\sysutils.pp"/>
        <UnitName Value="sysutils"/>
        <WindowIndex Value="0"/>
        <TopLine Value="1251"/>
        <CursorPos X="19" Y="1217"/>
        <UsageCount Value="91"/>
      </Unit16>
      <Unit17>
        <Filename Value="D:\work\FPC\2.4.4\source\packages\fcl-base\src\contnrs.pp"/>
        <UnitName Value="contnrs"/>
        <WindowIndex Value="0"/>
        <TopLine Value="1926"/>
        <CursorPos X="19" Y="1951"/>
        <UsageCount Value="91"/>
      </Unit17>
      <Unit18>
        <Filename Value="D:\work\FPC\2.4.4\source\rtl\objpas\sysutils\sysstrh.inc"/>
        <WindowIndex Value="0"/>
        <TopLine Value="57"/>
        <CursorPos X="34" Y="82"/>
        <UsageCount Value="91"/>
      </Unit18>
      <Unit19>
        <Filename Value="D:\work\FPC\2.4.4\source\rtl\objpas\sysutils\sysstr.inc"/>
        <WindowIndex Value="0"/>
        <TopLine Value="125"/>
        <CursorPos X="3" Y="144"/>
        <UsageCount Value="90"/>
      </Unit19>
      <Unit20>
        <Filename Value="D:\work\FPC\2.4.4\source\rtl\inc\wstrings.inc"/>
        <WindowIndex Value="0"/>
        <TopLine Value="1400"/>
        <CursorPos X="27" Y="1428"/>
        <UsageCount Value="64"/>
      </Unit20>
      <Unit21>
        <Filename Value="C:\lazarus\lcl\comctrls.pp"/>
        <UnitName Value="ComCtrls"/>
        <WindowIndex Value="0"/>
        <TopLine Value="283"/>
        <CursorPos X="1" Y="1"/>
        <UsageCount Value="10"/>
      </Unit21>
      <Unit22>
        <Filename Value="C:\lazarus\fpc\2.6.2\source\rtl\objpas\classes\classesh.inc"/>
        <EditorIndex Value="13"/>
        <WindowIndex Value="0"/>
        <TopLine Value="642"/>
        <CursorPos X="14" Y="664"/>
        <UsageCount Value="13"/>
        <Loaded Value="True"/>
      </Unit22>
      <Unit23>
        <Filename Value="C:\lazarus\fpc\2.6.2\source\rtl\objpas\classes\stringl.inc"/>
        <EditorIndex Value="14"/>
        <WindowIndex Value="0"/>
        <TopLine Value="561"/>
        <CursorPos X="3" Y="579"/>
        <UsageCount Value="13"/>
        <Loaded Value="True"/>
      </Unit23>
      <Unit24>
        <Filename Value="C:\lazarus\lcl\include\custommemo.inc"/>
        <EditorIndex Value="12"/>
        <WindowIndex Value="0"/>
        <TopLine Value="134"/>
        <CursorPos X="1" Y="209"/>
        <UsageCount Value="13"/>
        <Loaded Value="True"/>
      </Unit24>
      <Unit25>
        <Filename Value="C:\lazarus\fpc\2.6.2\source\rtl\inc\systemh.inc"/>
        <WindowIndex Value="0"/>
        <TopLine Value="219"/>
        <CursorPos X="10" Y="242"/>
        <UsageCount Value="10"/>
      </Unit25>
      <Unit26>
        <Filename Value="C:\lazarus\fpc\2.6.2\source\rtl\inc\objpash.inc"/>
        <EditorIndex Value="16"/>
        <WindowIndex Value="0"/>
        <TopLine Value="169"/>
        <CursorPos X="23" Y="192"/>
        <UsageCount Value="11"/>
        <Loaded Value="True"/>
      </Unit26>
      <Unit27>
        <Filename Value="C:\lazarus\fpc\2.6.2\source\rtl\inc\objpas.inc"/>
        <WindowIndex Value="0"/>
        <TopLine Value="265"/>
        <CursorPos X="9" Y="267"/>
        <UsageCount Value="10"/>
      </Unit27>
      <Unit28>
        <Filename Value="C:\lazarus\lcl\stdctrls.pp"/>
        <UnitName Value="StdCtrls"/>
        <EditorIndex Value="7"/>
        <WindowIndex Value="0"/>
        <TopLine Value="927"/>
        <CursorPos X="25" Y="964"/>
        <UsageCount Value="11"/>
        <Loaded Value="True"/>
      </Unit28>
      <Unit29>
        <Filename Value="C:\lazarus\lcl\controls.pp"/>
        <UnitName Value="Controls"/>
        <EditorIndex Value="8"/>
        <WindowIndex Value="0"/>
        <TopLine Value="2843"/>
        <CursorPos X="21" Y="2845"/>
        <UsageCount Value="11"/>
        <Loaded Value="True"/>
      </Unit29>
      <Unit30>
        <Filename Value="C:\lazarus\lcl\include\wincontrol.inc"/>
        <EditorIndex Value="10"/>
        <WindowIndex Value="0"/>
        <TopLine Value="6330"/>
        <CursorPos X="1" Y="6346"/>
        <UsageCount Value="11"/>
        <Loaded Value="True"/>
      </Unit30>
      <Unit31>
        <Filename Value="C:\lazarus\lcl\include\tabcontrol.inc"/>
        <EditorIndex Value="11"/>
        <WindowIndex Value="0"/>
        <TopLine Value="569"/>
        <CursorPos X="23" Y="592"/>
        <UsageCount Value="11"/>
        <Loaded Value="True"/>
      </Unit31>
      <Unit32>
        <Filename Value="C:\lazarus\lcl\include\customcontrol.inc"/>
        <EditorIndex Value="6"/>
        <WindowIndex Value="0"/>
        <TopLine Value="93"/>
        <CursorPos X="3" Y="122"/>
        <UsageCount Value="11"/>
        <Loaded Value="True"/>
      </Unit32>
      <Unit33>
        <Filename Value="C:\lazarus\lcl\lclproc.pas"/>
        <UnitName Value="LCLProc"/>
        <EditorIndex Value="9"/>
        <WindowIndex Value="0"/>
        <TopLine Value="785"/>
        <CursorPos X="13" Y="789"/>
        <UsageCount Value="11"/>
        <Loaded Value="True"/>
      </Unit33>
      <Unit34>
        <Filename Value="C:\lazarus\fpc\2.6.2\source\rtl\win\wininc\messages.inc"/>
        <EditorIndex Value="4"/>
        <WindowIndex Value="0"/>
        <TopLine Value="40"/>
        <CursorPos X="1" Y="1"/>
        <UsageCount Value="10"/>
        <Loaded Value="True"/>
      </Unit34>
      <Unit35>
        <Filename Value="C:\lazarus\lcl\interfaces\win32\win32proc.pp"/>
        <UnitName Value="win32proc"/>
        <EditorIndex Value="5"/>
        <WindowIndex Value="0"/>
        <TopLine Value="212"/>
        <CursorPos X="23" Y="318"/>
        <UsageCount Value="10"/>
        <Loaded Value="True"/>
      </Unit35>
      <Unit36>
        <Filename Value="C:\lazarus\lcl\include\customedit.inc"/>
        <EditorIndex Value="1"/>
        <WindowIndex Value="0"/>
        <TopLine Value="143"/>
        <CursorPos X="1" Y="160"/>
        <UsageCount Value="10"/>
        <Loaded Value="True"/>
      </Unit36>
      <Unit37>
        <Filename Value="C:\lazarus\lcl\interfaces\win32\win32wsstdctrls.pp"/>
        <UnitName Value="Win32WSStdCtrls"/>
        <EditorIndex Value="3"/>
        <WindowIndex Value="0"/>
        <TopLine Value="1139"/>
        <CursorPos X="1" Y="1144"/>
        <UsageCount Value="10"/>
        <Loaded Value="True"/>
      </Unit37>
      <Unit38>
        <Filename Value="C:\lazarus\lcl\include\control.inc"/>
        <EditorIndex Value="2"/>
        <WindowIndex Value="0"/>
        <TopLine Value="1425"/>
        <CursorPos X="1" Y="1445"/>
        <UsageCount Value="10"/>
        <Loaded Value="True"/>
      </Unit38>
    </Units>
    <JumpHistory Count="30" HistoryIndex="29">
      <Position1>
        <Filename Value="mainformunit.pas"/>
        <Caret Line="203" Column="40" TopLine="187"/>
      </Position1>
      <Position2>
        <Filename Value="C:\lazarus\lcl\include\customedit.inc"/>
        <Caret Line="157" Column="1" TopLine="143"/>
      </Position2>
      <Position3>
        <Filename Value="C:\lazarus\lcl\include\customedit.inc"/>
        <Caret Line="158" Column="1" TopLine="143"/>
      </Position3>
      <Position4>
        <Filename Value="C:\lazarus\lcl\interfaces\win32\win32wsstdctrls.pp"/>
        <Caret Line="1143" Column="1" TopLine="1129"/>
      </Position4>
      <Position5>
        <Filename Value="C:\lazarus\lcl\include\wincontrol.inc"/>
        <Caret Line="6344" Column="1" TopLine="6330"/>
      </Position5>
      <Position6>
        <Filename Value="C:\lazarus\lcl\include\wincontrol.inc"/>
        <Caret Line="6345" Column="1" TopLine="6330"/>
      </Position6>
      <Position7>
        <Filename Value="C:\lazarus\lcl\include\wincontrol.inc"/>
        <Caret Line="6346" Column="1" TopLine="6330"/>
      </Position7>
      <Position8>
        <Filename Value="C:\lazarus\lcl\interfaces\win32\win32wsstdctrls.pp"/>
        <Caret Line="1074" Column="34" TopLine="1060"/>
      </Position8>
      <Position9>
        <Filename Value="C:\lazarus\lcl\interfaces\win32\win32wsstdctrls.pp"/>
        <Caret Line="1075" Column="1" TopLine="1060"/>
      </Position9>
      <Position10>
        <Filename Value="C:\lazarus\lcl\interfaces\win32\win32wsstdctrls.pp"/>
        <Caret Line="1144" Column="1" TopLine="1130"/>
      </Position10>
      <Position11>
        <Filename Value="C:\lazarus\lcl\include\customedit.inc"/>
        <Caret Line="159" Column="1" TopLine="143"/>
      </Position11>
      <Position12>
        <Filename Value="C:\lazarus\lcl\include\customedit.inc"/>
        <Caret Line="160" Column="1" TopLine="143"/>
      </Position12>
      <Position13>
        <Filename Value="C:\lazarus\lcl\include\control.inc"/>
        <Caret Line="1439" Column="1" TopLine="1425"/>
      </Position13>
      <Position14>
        <Filename Value="C:\lazarus\lcl\include\control.inc"/>
        <Caret Line="1440" Column="1" TopLine="1425"/>
      </Position14>
      <Position15>
        <Filename Value="C:\lazarus\lcl\include\control.inc"/>
        <Caret Line="1441" Column="1" TopLine="1425"/>
      </Position15>
      <Position16>
        <Filename Value="C:\lazarus\lcl\include\control.inc"/>
        <Caret Line="1442" Column="1" TopLine="1425"/>
      </Position16>
      <Position17>
        <Filename Value="C:\lazarus\lcl\include\control.inc"/>
        <Caret Line="1443" Column="1" TopLine="1425"/>
      </Position17>
      <Position18>
        <Filename Value="C:\lazarus\lcl\include\control.inc"/>
        <Caret Line="1444" Column="1" TopLine="1425"/>
      </Position18>
      <Position19>
        <Filename Value="C:\lazarus\lcl\include\control.inc"/>
        <Caret Line="1445" Column="1" TopLine="1425"/>
      </Position19>
      <Position20>
        <Filename Value="mainformunit.pas"/>
        <Caret Line="204" Column="1" TopLine="187"/>
      </Position20>
      <Position21>
        <Filename Value="mainformunit.pas"/>
        <Caret Line="205" Column="1" TopLine="187"/>
      </Position21>
      <Position22>
        <Filename Value="mainformunit.pas"/>
        <Caret Line="207" Column="1" TopLine="187"/>
      </Position22>
      <Position23>
        <Filename Value="mainformunit.pas"/>
        <Caret Line="206" Column="1" TopLine="187"/>
      </Position23>
      <Position24>
        <Filename Value="mainformunit.pas"/>
        <Caret Line="207" Column="28" TopLine="193"/>
      </Position24>
      <Position25>
        <Filename Value="mainformunit.pas"/>
        <Caret Line="10" Column="23" TopLine="1"/>
      </Position25>
      <Position26>
        <Filename Value="mainformunit.pas"/>
        <Caret Line="203" Column="1" TopLine="189"/>
      </Position26>
      <Position27>
        <Filename Value="mainformunit.pas"/>
        <Caret Line="204" Column="1" TopLine="189"/>
      </Position27>
      <Position28>
        <Filename Value="mainformunit.pas"/>
        <Caret Line="205" Column="1" TopLine="189"/>
      </Position28>
      <Position29>
        <Filename Value="mainformunit.pas"/>
        <Caret Line="207" Column="1" TopLine="189"/>
      </Position29>
      <Position30>
        <Filename Value="mainformunit.pas"/>
        <Caret Line="203" Column="36" TopLine="189"/>
      </Position30>
    </JumpHistory>
  </ProjectOptions>
  <CompilerOptions>
    <Version Value="11"/>
    <PathDelim Value="\"/>
    <Target>
      <Filename Value="..\bin\project1"/>
    </Target>
    <SearchPaths>
      <IncludeFiles Value="$(ProjOutDir)"/>
      <UnitOutputDirectory Value="..\dcu\$(TargetCPU)-$(TargetOS)"/>
    </SearchPaths>
    <Parsing>
      <SyntaxOptions>
        <SyntaxMode Value="Delphi"/>
      </SyntaxOptions>
    </Parsing>
    <CodeGeneration>
      <SmartLinkUnit Value="True"/>
      <Optimizations>
        <OptimizationLevel Value="0"/>
      </Optimizations>
    </CodeGeneration>
    <Linking>
      <Debugging>
        <UseExternalDbgSyms Value="True"/>
      </Debugging>
      <LinkSmart Value="True"/>
      <Options>
        <Win32>
          <GraphicApplication Value="True"/>
        </Win32>
      </Options>
    </Linking>
    <Other>
      <CompilerMessages>
        <UseMsgFile Value="True"/>
      </CompilerMessages>
      <CompilerPath Value="$(CompPath)"/>
    </Other>
  </CompilerOptions>
  <Debugging>
    <Watches Count="5">
      <Item1>
        <Expression Value="s"/>
      </Item1>
      <Item2>
        <Expression Value="FPosition"/>
      </Item2>
      <Item3>
        <Expression Value="RestSize"/>
      </Item3>
      <Item4>
        <Expression Value="AWord"/>
      </Item4>
      <Item5>
        <Expression Value="TWord(AItem).FContentCashe"/>
      </Item5>
    </Watches>
    <Exceptions Count="3">
      <Item1>
        <Name Value="EAbort"/>
      </Item1>
      <Item2>
        <Name Value="ECodetoolError"/>
      </Item2>
      <Item3>
        <Name Value="EFOpenError"/>
      </Item3>
    </Exceptions>
  </Debugging>
</CONFIG>
